
Microsoft Visual Studio Solution File, Format Version 12.00
# Visual Studio 15
VisualStudioVersion = 15.0.27428.2043
MinimumVisualStudioVersion = 10.0.40219.1
Project("{FAE04EC0-301F-11D3-BF4B-00C04F79EFBC}") = "BasketTest", "BasketTest\BasketTest.csproj", "{2F102C30-4745-4B6A-A4DD-86D179CADBEA}"
EndProject
Project("{FAE04EC0-301F-11D3-BF4B-00C04F79EFBC}") = "Basket", "..\Basket\Basket.csproj", "{165C24C9-6953-4BD3-A2B3-31F368D055FE}"
EndProject
Global
	GlobalSection(SolutionConfigurationPlatforms) = preSolution
		Debug|Any CPU = Debug|Any CPU
		Release|Any CPU = Release|Any CPU
	EndGlobalSection
	GlobalSection(ProjectConfigurationPlatforms) = postSolution
		{2F102C30-4745-4B6A-A4DD-86D179CADBEA}.Debug|Any CPU.ActiveCfg = Debug|Any CPU
		{2F102C30-4745-4B6A-A4DD-86D179CADBEA}.Debug|Any CPU.Build.0 = Debug|Any CPU
		{2F102C30-4745-4B6A-A4DD-86D179CADBEA}.Release|Any CPU.ActiveCfg = Release|Any CPU
		{2F102C30-4745-4B6A-A4DD-86D179CADBEA}.Release|Any CPU.Build.0 = Release|Any CPU
		{165C24C9-6953-4BD3-A2B3-31F368D055FE}.Debug|Any CPU.ActiveCfg = Debug|Any CPU
		{165C24C9-6953-4BD3-A2B3-31F368D055FE}.Debug|Any CPU.Build.0 = Debug|Any CPU
		{165C24C9-6953-4BD3-A2B3-31F368D055FE}.Release|Any CPU.ActiveCfg = Release|Any CPU
		{165C24C9-6953-4BD3-A2B3-31F368D055FE}.Release|Any CPU.Build.0 = Release|Any CPU
	EndGlobalSection
	GlobalSection(SolutionProperties) = preSolution
		HideSolutionNode = FALSE
	EndGlobalSection
	GlobalSection(ExtensibilityGlobals) = postSolution
		SolutionGuid = {20E8E31A-081D-4DB9-B049-765F2176C0B4}
	EndGlobalSection
EndGlobal
